{
  "version": 4,
  "terraform_version": "1.9.2",
  "serial": 22,
  "lineage": "71bb56f7-6fa1-3ae6-6f5e-272c041e73f0",
  "outputs": {},
  "resources": [
    {
      "mode": "managed",
      "type": "local_file",
      "name": "example",
      "provider": "provider[\"registry.terraform.io/hashicorp/local\"]",
      "instances": [
        {
          "schema_version": 0,
          "attributes": {
            "content": "81274398217",
            "content_base64": null,
            "content_base64sha256": "2Kds95UZ4EXw7CMjVpmAADI0nNSrc0CHXYYtzlK4NtU=",
            "content_base64sha512": "xgRqxWh5dqV/vVE8CZwTpqSOR7QqyP6mAKFhxLRWofgXzEfy4p9j+yMxqohCn9S9Ax9r/vv3SKw7WG/oh1yMIw==",
            "content_md5": "2c08e09b0d0c5aabc8f7c3e45e2d9973",
            "content_sha1": "73f20527fe0b5b33ae94750d960e8889e1615df9",
            "content_sha256": "d8a76cf79519e045f0ec23235699800032349cd4ab7340875d862dce52b836d5",
            "content_sha512": "c6046ac5687976a57fbd513c099c13a6a48e47b42ac8fea600a161c4b456a1f817cc47f2e29f63fb2331aa88429fd4bd031f6bfefbf748ac3b586fe8875c8c23",
            "directory_permission": "0777",
            "file_permission": "0777",
            "filename": "mayara123",
            "id": "73f20527fe0b5b33ae94750d960e8889e1615df9",
            "sensitive_content": null,
            "source": null
          },
          "sensitive_attributes": [
            [
              {
                "type": "get_attr",
                "value": "sensitive_content"
              }
            ]
          ]
        }
      ]
    }
  ],
  "check_results": null
}
